Microsoft Visual Studio Solution File, Format Version 12.00
# Visual Studio Version 17
VisualStudioVersion = 17.5.2.0
MinimumVisualStudioVersion = 10.0.40219.1
Project("{FAE04EC0-301F-11D3-BF4B-00C04F79EFBC}") = "ApiTests.Tests", "ApiTests.Tests\ApiTests.Tests.csproj", "{D33CBC61-3087-933A-2AF7-2761A5814F4F}"
EndProject
Global
	GlobalSection(SolutionConfigurationPlatforms) = preSolution
		Debug|Any CPU = Debug|Any CPU
		Release|Any CPU = Release|Any CPU
	EndGlobalSection
	GlobalSection(ProjectConfigurationPlatforms) = postSolution
		{D33CBC61-3087-933A-2AF7-2761A5814F4F}.Debug|Any CPU.ActiveCfg = Debug|Any CPU
		{D33CBC61-3087-933A-2AF7-2761A5814F4F}.Debug|Any CPU.Build.0 = Debug|Any CPU
		{D33CBC61-3087-933A-2AF7-2761A5814F4F}.Release|Any CPU.ActiveCfg = Release|Any CPU
		{D33CBC61-3087-933A-2AF7-2761A5814F4F}.Release|Any CPU.Build.0 = Release|Any CPU
	EndGlobalSection
	GlobalSection(SolutionProperties) = preSolution
		HideSolutionNode = FALSE
	EndGlobalSection
	GlobalSection(ExtensibilityGlobals) = postSolution
		SolutionGuid = {FF413BAB-3757-417A-A42F-16E65018FAD3}
	EndGlobalSection
EndGlobal
